
Microsoft Visual Studio Solution File, Format Version 12.00
# Visual Studio 15
VisualStudioVersion = 15.0.28010.2046
MinimumVisualStudioVersion = 10.0.40219.1
Project("{FAE04EC0-301F-11D3-BF4B-00C04F79EFBC}") = "TinyAlarm", "TinyAlarm.csproj", "{48D74E4A-E28E-424B-A59A-823308CD84CE}"
EndProject
Global
	GlobalSection(SolutionConfigurationPlatforms) = preSolution
		Debug|Any CPU = Debug|Any CPU
		Release|Any CPU = Release|Any CPU
	EndGlobalSection
	GlobalSection(ProjectConfigurationPlatforms) = postSolution
		{48D74E4A-E28E-424B-A59A-823308CD84CE}.Debug|Any CPU.ActiveCfg = Debug|Any CPU
		{48D74E4A-E28E-424B-A59A-823308CD84CE}.Debug|Any CPU.Build.0 = Debug|Any CPU
		{48D74E4A-E28E-424B-A59A-823308CD84CE}.Release|Any CPU.ActiveCfg = Release|Any CPU
		{48D74E4A-E28E-424B-A59A-823308CD84CE}.Release|Any CPU.Build.0 = Release|Any CPU
	EndGlobalSection
	GlobalSection(SolutionProperties) = preSolution
		HideSolutionNode = FALSE
	EndGlobalSection
	GlobalSection(ExtensibilityGlobals) = postSolution
		SolutionGuid = {9938460B-C058-42E5-A5B4-6EAEA2FC4D40}
	EndGlobalSection
EndGlobal
